{
  "name": "plotly",
  "lockfileVersion": 2,
  "requires": true,
  "packages": {
    "": {
      "dependencies": {
        "plotly.js-dist": "^2.22.0"
      }
    },
    "node_modules/plotly.js-dist": {
      "version": "2.22.0",
      "resolved": "https://registry.npmjs.org/plotly.js-dist/-/plotly.js-dist-2.22.0.tgz",
      "integrity": "sha512-ldb7TzxN8lOqV61wA9P3X5PAcI4h7u2G1WK2cSw1RfcAbheLfFrGO8xMhb+jOoi2/tCGO5vqwHfECIekQ5CEcg=="
    }
  },
  "dependencies": {
    "plotly.js-dist": {
      "version": "2.22.0",
      "resolved": "https://registry.npmjs.org/plotly.js-dist/-/plotly.js-dist-2.22.0.tgz",
      "integrity": "sha512-ldb7TzxN8lOqV61wA9P3X5PAcI4h7u2G1WK2cSw1RfcAbheLfFrGO8xMhb+jOoi2/tCGO5vqwHfECIekQ5CEcg=="
    }
  }
}
